
Microsoft Visual Studio Solution File, Format Version 12.00
# Visual Studio 15
VisualStudioVersion = 15.0.26730.3
MinimumVisualStudioVersion = 10.0.40219.1
Project("{FAE04EC0-301F-11D3-BF4B-00C04F79EFBC}") = "TaskProjectService", "TaskProjectService\TaskProjectService.csproj", "{AFC5F9A2-E735-4406-B4A9-AF48520B689E}"
EndProject
Project("{FAE04EC0-301F-11D3-BF4B-00C04F79EFBC}") = "TestService", "TestService\TestService.csproj", "{009C4EB6-63F4-4EFD-B923-310BA48680D7}"
	ProjectSection(ProjectDependencies) = postProject
		{AFC5F9A2-E735-4406-B4A9-AF48520B689E} = {AFC5F9A2-E735-4406-B4A9-AF48520B689E}
	EndProjectSection
EndProject
Global
	GlobalSection(SolutionConfigurationPlatforms) = preSolution
		Debug|Any CPU = Debug|Any CPU
		Release|Any CPU = Release|Any CPU
	EndGlobalSection
	GlobalSection(ProjectConfigurationPlatforms) = postSolution
		{AFC5F9A2-E735-4406-B4A9-AF48520B689E}.Debug|Any CPU.ActiveCfg = Debug|Any CPU
		{AFC5F9A2-E735-4406-B4A9-AF48520B689E}.Debug|Any CPU.Build.0 = Debug|Any CPU
		{AFC5F9A2-E735-4406-B4A9-AF48520B689E}.Release|Any CPU.ActiveCfg = Release|Any CPU
		{AFC5F9A2-E735-4406-B4A9-AF48520B689E}.Release|Any CPU.Build.0 = Release|Any CPU
		{009C4EB6-63F4-4EFD-B923-310BA48680D7}.Debug|Any CPU.ActiveCfg = Debug|Any CPU
		{009C4EB6-63F4-4EFD-B923-310BA48680D7}.Debug|Any CPU.Build.0 = Debug|Any CPU
		{009C4EB6-63F4-4EFD-B923-310BA48680D7}.Release|Any CPU.ActiveCfg = Release|Any CPU
		{009C4EB6-63F4-4EFD-B923-310BA48680D7}.Release|Any CPU.Build.0 = Release|Any CPU
	EndGlobalSection
	GlobalSection(SolutionProperties) = preSolution
		HideSolutionNode = FALSE
	EndGlobalSection
	GlobalSection(ExtensibilityGlobals) = postSolution
		SolutionGuid = {F1322CCB-93D6-4FDC-850B-54A1EFB018C7}
	EndGlobalSection
EndGlobal
